
Microsoft Visual Studio Solution File, Format Version 12.00
# Visual Studio Version 17
VisualStudioVersion = 17.9.34728.123
MinimumVisualStudioVersion = 10.0.40219.1
Project("{9A19103F-16F7-4668-BE54-9A1E7A4F7556}") = "FluentBehaviour", "FluentBehaviour.csproj", "{159B37DA-5FCC-48E3-B033-C735789FC01C}"
EndProject
Project("{FAE04EC0-301F-11D3-BF4B-00C04F79EFBC}") = "FluentTest", "FluentTest\FluentTest.csproj", "{6C0502C8-F7B0-41B0-B1E6-23A8D1487C2E}"
EndProject
Global
	GlobalSection(SolutionConfigurationPlatforms) = preSolution
		Debug|Any CPU = Debug|Any CPU
		Release|Any CPU = Release|Any CPU
	EndGlobalSection
	GlobalSection(ProjectConfigurationPlatforms) = postSolution
		{159B37DA-5FCC-48E3-B033-C735789FC01C}.Debug|Any CPU.ActiveCfg = Debug|Any CPU
		{159B37DA-5FCC-48E3-B033-C735789FC01C}.Debug|Any CPU.Build.0 = Debug|Any CPU
		{159B37DA-5FCC-48E3-B033-C735789FC01C}.Release|Any CPU.ActiveCfg = Release|Any CPU
		{159B37DA-5FCC-48E3-B033-C735789FC01C}.Release|Any CPU.Build.0 = Release|Any CPU
		{6C0502C8-F7B0-41B0-B1E6-23A8D1487C2E}.Debug|Any CPU.ActiveCfg = Debug|Any CPU
		{6C0502C8-F7B0-41B0-B1E6-23A8D1487C2E}.Debug|Any CPU.Build.0 = Debug|Any CPU
		{6C0502C8-F7B0-41B0-B1E6-23A8D1487C2E}.Release|Any CPU.ActiveCfg = Release|Any CPU
		{6C0502C8-F7B0-41B0-B1E6-23A8D1487C2E}.Release|Any CPU.Build.0 = Release|Any CPU
	EndGlobalSection
	GlobalSection(SolutionProperties) = preSolution
		HideSolutionNode = FALSE
	EndGlobalSection
	GlobalSection(ExtensibilityGlobals) = postSolution
		SolutionGuid = {ABF1047F-C78B-4C99-945A-B99784AC64B1}
	EndGlobalSection
EndGlobal
